
Microsoft Visual Studio Solution File, Format Version 12.00
# Visual Studio Version 17
VisualStudioVersion = 17.11.35327.3
MinimumVisualStudioVersion = 10.0.40219.1
Project("{9A19103F-16F7-4668-BE54-9A1E7A4F7556}") = "ServiceStation.Web", "ServiceStation.Web\ServiceStation.Web.csproj", "{893A407F-6EC3-4842-B7D1-9B0C330AABDB}"
EndProject
Global
	GlobalSection(SolutionConfigurationPlatforms) = preSolution
		Debug|Any CPU = Debug|Any CPU
		Release|Any CPU = Release|Any CPU
	EndGlobalSection
	GlobalSection(ProjectConfigurationPlatforms) = postSolution
		{893A407F-6EC3-4842-B7D1-9B0C330AABDB}.Debug|Any CPU.ActiveCfg = Debug|Any CPU
		{893A407F-6EC3-4842-B7D1-9B0C330AABDB}.Debug|Any CPU.Build.0 = Debug|Any CPU
		{893A407F-6EC3-4842-B7D1-9B0C330AABDB}.Release|Any CPU.ActiveCfg = Release|Any CPU
		{893A407F-6EC3-4842-B7D1-9B0C330AABDB}.Release|Any CPU.Build.0 = Release|Any CPU
	EndGlobalSection
	GlobalSection(SolutionProperties) = preSolution
		HideSolutionNode = FALSE
	EndGlobalSection
	GlobalSection(ExtensibilityGlobals) = postSolution
		SolutionGuid = {62FF736E-8247-4BF6-980C-596DD3C34F44}
	EndGlobalSection
EndGlobal
